
Microsoft Visual Studio Solution File, Format Version 12.00
# Visual Studio Version 17
VisualStudioVersion = 17.0.32112.339
MinimumVisualStudioVersion = 10.0.40219.1
Project("{9A19103F-16F7-4668-BE54-9A1E7A4F7556}") = "IL2ASM", "IL2ASM\IL2ASM.csproj", "{A2532E20-744B-4698-9E8E-566E7A68B364}"
EndProject
Project("{9A19103F-16F7-4668-BE54-9A1E7A4F7556}") = "Kernel", "Kernel\Kernel.csproj", "{A2532E20-744B-4698-9E8E-566E7A68B365}"
EndProject
Project("{2150E333-8FDC-42A3-9474-1A3956D46DE8}") = "Solution Items", "Solution Items", "{EB049D85-A900-46E0-97AC-D8F82BCED12B}"
	ProjectSection(SolutionItems) = preProject
		.editorconfig = .editorconfig
	EndProjectSection
EndProject
Global
	GlobalSection(SolutionConfigurationPlatforms) = preSolution
		Debug|Any CPU = Debug|Any CPU
		Release|Any CPU = Release|Any CPU
	EndGlobalSection
	GlobalSection(ProjectConfigurationPlatforms) = postSolution
		{A2532E20-744B-4698-9E8E-566E7A68B364}.Debug|Any CPU.ActiveCfg = Debug|Any CPU
		{A2532E20-744B-4698-9E8E-566E7A68B364}.Debug|Any CPU.Build.0 = Debug|Any CPU
		{A2532E20-744B-4698-9E8E-566E7A68B364}.Release|Any CPU.ActiveCfg = Release|Any CPU
		{A2532E20-744B-4698-9E8E-566E7A68B364}.Release|Any CPU.Build.0 = Release|Any CPU
		{A2532E20-744B-4698-9E8E-566E7A68B365}.Debug|Any CPU.ActiveCfg = Debug|Any CPU
		{A2532E20-744B-4698-9E8E-566E7A68B365}.Debug|Any CPU.Build.0 = Debug|Any CPU
		{A2532E20-744B-4698-9E8E-566E7A68B365}.Release|Any CPU.ActiveCfg = Release|Any CPU
		{A2532E20-744B-4698-9E8E-566E7A68B365}.Release|Any CPU.Build.0 = Release|Any CPU
	EndGlobalSection
	GlobalSection(SolutionProperties) = preSolution
		HideSolutionNode = FALSE
	EndGlobalSection
	GlobalSection(ExtensibilityGlobals) = postSolution
		SolutionGuid = {CD1FB530-E454-4F79-8B40-86DE6F6AEAD7}
	EndGlobalSection
EndGlobal
